
Microsoft Visual Studio Solution File, Format Version 12.00
# Visual Studio Express 2012 for Windows Desktop
Project("{FAE04EC0-301F-11D3-BF4B-00C04F79EFBC}") = "waterConsumtion", "waterConsumtion\waterConsumtion.csproj", "{867F2D82-7631-4904-B030-875487E9A9C6}"
EndProject
Global
	GlobalSection(SolutionConfigurationPlatforms) = preSolution
		Debug|Any CPU = Debug|Any CPU
		Release|Any CPU = Release|Any CPU
	EndGlobalSection
	GlobalSection(ProjectConfigurationPlatforms) = postSolution
		{867F2D82-7631-4904-B030-875487E9A9C6}.Debug|Any CPU.ActiveCfg = Debug|Any CPU
		{867F2D82-7631-4904-B030-875487E9A9C6}.Debug|Any CPU.Build.0 = Debug|Any CPU
		{867F2D82-7631-4904-B030-875487E9A9C6}.Release|Any CPU.ActiveCfg = Release|Any CPU
		{867F2D82-7631-4904-B030-875487E9A9C6}.Release|Any CPU.Build.0 = Release|Any CPU
	EndGlobalSection
	GlobalSection(SolutionProperties) = preSolution
		HideSolutionNode = FALSE
	EndGlobalSection
EndGlobal
