
Microsoft Visual Studio Solution File, Format Version 12.00
# Visual Studio Express 2012 for Windows Desktop
Project("{FAE04EC0-301F-11D3-BF4B-00C04F79EFBC}") = "directoryMethods", "directoryMethods\directoryMethods.csproj", "{C5B759E8-2381-4660-BD44-F3DB3B5E7666}"
EndProject
Global
	GlobalSection(SolutionConfigurationPlatforms) = preSolution
		Debug|Any CPU = Debug|Any CPU
		Release|Any CPU = Release|Any CPU
	EndGlobalSection
	GlobalSection(ProjectConfigurationPlatforms) = postSolution
		{C5B759E8-2381-4660-BD44-F3DB3B5E7666}.Debug|Any CPU.ActiveCfg = Debug|Any CPU
		{C5B759E8-2381-4660-BD44-F3DB3B5E7666}.Debug|Any CPU.Build.0 = Debug|Any CPU
		{C5B759E8-2381-4660-BD44-F3DB3B5E7666}.Release|Any CPU.ActiveCfg = Release|Any CPU
		{C5B759E8-2381-4660-BD44-F3DB3B5E7666}.Release|Any CPU.Build.0 = Release|Any CPU
	EndGlobalSection
	GlobalSection(SolutionProperties) = preSolution
		HideSolutionNode = FALSE
	EndGlobalSection
EndGlobal
